// !$*UTF8*$!
{
	archiveVersion = 1;
	classes = {
	};
	objectVersion = 50;
	objects = {

/* Begin PBXBuildFile section */
		673C50BB23CD0B05002E0B32 /* AppDelegate.swift in Sources */ = {isa = PBXBuildFile; fileRef = 673C50BA23CD0B05002E0B32 /* AppDelegate.swift */; };
		673C50BD23CD0B05002E0B32 /* SceneDelegate.swift in Sources */ = {isa = PBXBuildFile; fileRef = 673C50BC23CD0B05002E0B32 /* SceneDelegate.swift */; };
		673C50BF23CD0B05002E0B32 /* ViewController.swift in Sources */ = {isa = PBXBuildFile; fileRef = 673C50BE23CD0B05002E0B32 /* ViewController.swift */; };
		673C50C223CD0B05002E0B32 /* Main.storyboard in Resources */ = {isa = PBXBuildFile; fileRef = 673C50C023CD0B05002E0B32 /* Main.storyboard */; };
		673C50C423CD0B08002E0B32 /* Assets.xcassets in Resources */ = {isa = PBXBuildFile; fileRef = 673C50C323CD0B08002E0B32 /* Assets.xcassets */; };
		673C50C723CD0B08002E0B32 /* LaunchScreen.storyboard in Resources */ = {isa = PBXBuildFile; fileRef = 673C50C523CD0B08002E0B32 /* LaunchScreen.storyboard */; };
		673C50D223CD0B08002E0B32 /* CustomStarRatingTests.swift in Sources */ = {isa = PBXBuildFile; fileRef = 673C50D123CD0B08002E0B32 /* CustomStarRatingTests.swift */; };
		673C50DD23CD0B08002E0B32 /* CustomStarRatingUITests.swift in Sources */ = {isa = PBXBuildFile; fileRef = 673C50DC23CD0B08002E0B32 /* CustomStarRatingUITests.swift */; };
		673C50EB23CD0B1B002E0B32 /* StarReview.swift in Sources */ = {isa = PBXBuildFile; fileRef = 673C50EA23CD0B1B002E0B32 /* StarReview.swift */; };
/* End PBXBuildFile section */

/* Begin PBXContainerItemProxy section */
		673C50CE23CD0B08002E0B32 /* PBXContainerItemProxy */ = {
			isa = PBXContainerItemProxy;
			containerPortal = 673C50AF23CD0B05002E0B32 /* Project object */;
			proxyType = 1;
			remoteGlobalIDString = 673C50B623CD0B05002E0B32;
			remoteInfo = CustomStarRating;
		};
		673C50D923CD0B08002E0B32 /* PBXContainerItemProxy */ = {
			isa = PBXContainerItemProxy;
			containerPortal = 673C50AF23CD0B05002E0B32 /* Project object */;
			proxyType = 1;
			remoteGlobalIDString = 673C50B623CD0B05002E0B32;
			remoteInfo = CustomStarRating;
		};
/* End PBXContainerItemProxy section */

/* Begin PBXFileReference section */
		673C50B723CD0B05002E0B32 /* CustomStarRating.app */ = {isa = PBXFileReference; explicitFileType = wrapper.application; includeInIndex = 0; path = CustomStarRating.app; sourceTree = BUILT_PRODUCTS_DIR; };
		673C50BA23CD0B05002E0B32 /* AppDelegate.swift */ = {isa = PBXFileReference; lastKnownFileType = sourcecode.swift; path = AppDelegate.swift; sourceTree = "<group>"; };
		673C50BC23CD0B05002E0B32 /* SceneDelegate.swift */ = {isa = PBXFileReference; lastKnownFileType = sourcecode.swift; path = SceneDelegate.swift; sourceTree = "<group>"; };
		673C50BE23CD0B05002E0B32 /* ViewController.swift */ = {isa = PBXFileReference; lastKnownFileType = sourcecode.swift; path = ViewController.swift; sourceTree = "<group>"; };
		673C50C123CD0B05002E0B32 /* Base */ = {isa = PBXFileReference; lastKnownFileType = file.storyboard; name = Base; path = Base.lproj/Main.storyboard; sourceTree = "<group>"; };
		673C50C323CD0B08002E0B32 /* Assets.xcassets */ = {isa = PBXFileReference; lastKnownFileType = folder.assetcatalog; path = Assets.xcassets; sourceTree = "<group>"; };
		673C50C623CD0B08002E0B32 /* Base */ = {isa = PBXFileReference; lastKnownFileType = file.storyboard; name = Base; path = Base.lproj/LaunchScreen.storyboard; sourceTree = "<group>"; };
		673C50C823CD0B08002E0B32 /* Info.plist */ = {isa = PBXFileReference; lastKnownFileType = text.plist.xml; path = Info.plist; sourceTree = "<group>"; };
		673C50CD23CD0B08002E0B32 /* CustomStarRatingTests.xctest */ = {isa = PBXFileReference; explicitFileType = wrapper.cfbundle; includeInIndex = 0; path = CustomStarRatingTests.xctest; sourceTree = BUILT_PRODUCTS_DIR; };
		673C50D123CD0B08002E0B32 /* CustomStarRatingTests.swift */ = {isa = PBXFileReference; lastKnownFileType = sourcecode.swift; path = CustomStarRatingTests.swift; sourceTree = "<group>"; };
		673C50D323CD0B08002E0B32 /* Info.plist */ = {isa = PBXFileReference; lastKnownFileType = text.plist.xml; path = Info.plist; sourceTree = "<group>"; };
		673C50D823CD0B08002E0B32 /* CustomStarRatingUITests.xctest */ = {isa = PBXFileReference; explicitFileType = wrapper.cfbundle; includeInIndex = 0; path = CustomStarRatingUITests.xctest; sourceTree = BUILT_PRODUCTS_DIR; };
		673C50DC23CD0B08002E0B32 /* CustomStarRatingUITests.swift */ = {isa = PBXFileReference; lastKnownFileType = sourcecode.swift; path = CustomStarRatingUITests.swift; sourceTree = "<group>"; };
		673C50DE23CD0B08002E0B32 /* Info.plist */ = {isa = PBXFileReference; lastKnownFileType = text.plist.xml; path = Info.plist; sourceTree = "<group>"; };
		673C50EA23CD0B1B002E0B32 /* StarReview.swift */ = {isa = PBXFileReference; lastKnownFileType = sourcecode.swift; path = StarReview.swift; sourceTree = "<group>"; };
/* End PBXFileReference section */

/* Begin PBXFrameworksBuildPhase section */
		673C50B423CD0B05002E0B32 /* Frameworks */ = {
			isa = PBXFrameworksBuildPhase;
			buildActionMask = 2147483647;
			files = (
			);
			runOnlyForDeploymentPostprocessing = 0;
		};
		673C50CA23CD0B08002E0B32 /* Frameworks */ = {
			isa = PBXFrameworksBuildPhase;
			buildActionMask = 2147483647;
			files = (
			);
			runOnlyForDeploymentPostprocessing = 0;
		};
		673C50D523CD0B08002E0B32 /* Frameworks */ = {
			isa = PBXFrameworksBuildPhase;
			buildActionMask = 2147483647;
			files = (
			);
			runOnlyForDeploymentPostprocessing = 0;
		};
/* End PBXFrameworksBuildPhase section */

/* Begin PBXGroup section */
		673C50AE23CD0B05002E0B32 = {
			isa = PBXGroup;
			children = (
				673C50B923CD0B05002E0B32 /* CustomStarRating */,
				673C50D023CD0B08002E0B32 /* CustomStarRatingTests */,
				673C50DB23CD0B08002E0B32 /* CustomStarRatingUITests */,
				673C50B823CD0B05002E0B32 /* Products */,
			);
			sourceTree = "<group>";
		};
		673C50B823CD0B05002E0B32 /* Products */ = {
			isa = PBXGroup;
			children = (
				673C50B723CD0B05002E0B32 /* CustomStarRating.app */,
				673C50CD23CD0B08002E0B32 /* CustomStarRatingTests.xctest */,
				673C50D823CD0B08002E0B32 /* CustomStarRatingUITests.xctest */,
			);
			name = Products;
			sourceTree = "<group>";
		};
		673C50B923CD0B05002E0B32 /* CustomStarRating */ = {
			isa = PBXGroup;
			children = (
				673C50BA23CD0B05002E0B32 /* AppDelegate.swift */,
				673C50BC23CD0B05002E0B32 /* SceneDelegate.swift */,
				673C50BE23CD0B05002E0B32 /* ViewController.swift */,
				673C50EA23CD0B1B002E0B32 /* StarReview.swift */,
				673C50C023CD0B05002E0B32 /* Main.storyboard */,
				673C50C323CD0B08002E0B32 /* Assets.xcassets */,
				673C50C523CD0B08002E0B32 /* LaunchScreen.storyboard */,
				673C50C823CD0B08002E0B32 /* Info.plist */,
			);
			path = CustomStarRating;
			sourceTree = "<group>";
		};
		673C50D023CD0B08002E0B32 /* CustomStarRatingTests */ = {
			isa = PBXGroup;
			children = (
				673C50D123CD0B08002E0B32 /* CustomStarRatingTests.swift */,
				673C50D323CD0B08002E0B32 /* Info.plist */,
			);
			path = CustomStarRatingTests;
			sourceTree = "<group>";
		};
		673C50DB23CD0B08002E0B32 /* CustomStarRatingUITests */ = {
			isa = PBXGroup;
			children = (
				673C50DC23CD0B08002E0B32 /* CustomStarRatingUITests.swift */,
				673C50DE23CD0B08002E0B32 /* Info.plist */,
			);
			path = CustomStarRatingUITests;
			sourceTree = "<group>";
		};
/* End PBXGroup section */

/* Begin PBXNativeTarget section */
		673C50B623CD0B05002E0B32 /* CustomStarRating */ = {
			isa = PBXNativeTarget;
			buildConfigurationList = 673C50E123CD0B08002E0B32 /* Build configuration list for PBXNativeTarget "CustomStarRating" */;
			buildPhases = (
				673C50B323CD0B05002E0B32 /* Sources */,
				673C50B423CD0B05002E0B32 /* Frameworks */,
				673C50B523CD0B05002E0B32 /* Resources */,
			);
			buildRules = (
			);
			dependencies = (
			);
			name = CustomStarRating;
			productName = CustomStarRating;
			productReference = 673C50B723CD0B05002E0B32 /* CustomStarRating.app */;
			productType = "com.apple.product-type.application";
		};
		673C50CC23CD0B08002E0B32 /* CustomStarRatingTests */ = {
			isa = PBXNativeTarget;
			buildConfigurationList = 673C50E423CD0B08002E0B32 /* Build configuration list for PBXNativeTarget "CustomStarRatingTests" */;
			buildPhases = (
				673C50C923CD0B08002E0B32 /* Sources */,
				673C50CA23CD0B08002E0B32 /* Frameworks */,
				673C50CB23CD0B08002E0B32 /* Resources */,
			);
			buildRules = (
			);
			dependencies = (
				673C50CF23CD0B08002E0B32 /* PBXTargetDependency */,
			);
			name = CustomStarRatingTests;
			productName = CustomStarRatingTests;
			productReference = 673C50CD23CD0B08002E0B32 /* CustomStarRatingTests.xctest */;
			productType = "com.apple.product-type.bundle.unit-test";
		};
		673C50D723CD0B08002E0B32 /* CustomStarRatingUITests */ = {
			isa = PBXNativeTarget;
			buildConfigurationList = 673C50E723CD0B08002E0B32 /* Build configuration list for PBXNativeTarget "CustomStarRatingUITests" */;
			buildPhases = (
				673C50D423CD0B08002E0B32 /* Sources */,
				673C50D523CD0B08002E0B32 /* Frameworks */,
				673C50D623CD0B08002E0B32 /* Resources */,
			);
			buildRules = (
			);
			dependencies = (
				673C50DA23CD0B08002E0B32 /* PBXTargetDependency */,
			);
			name = CustomStarRatingUITests;
			productName = CustomStarRatingUITests;
			productReference = 673C50D823CD0B08002E0B32 /* CustomStarRatingUITests.xctest */;
			productType = "com.apple.product-type.bundle.ui-testing";
		};
/* End PBXNativeTarget section */

/* Begin PBXProject section */
		673C50AF23CD0B05002E0B32 /* Project object */ = {
			isa = PBXProject;
			attributes = {
				LastSwiftUpdateCheck = 1130;
				LastUpgradeCheck = 1130;
				ORGANIZATIONNAME = RockefellerMagic;
				TargetAttributes = {
					673C50B623CD0B05002E0B32 = {
						CreatedOnToolsVersion = 11.3;
					};
					673C50CC23CD0B08002E0B32 = {
						CreatedOnToolsVersion = 11.3;
						TestTargetID = 673C50B623CD0B05002E0B32;
					};
					673C50D723CD0B08002E0B32 = {
						CreatedOnToolsVersion = 11.3;
						TestTargetID = 673C50B623CD0B05002E0B32;
					};
				};
			};
			buildConfigurationList = 673C50B223CD0B05002E0B32 /* Build configuration list for PBXProject "CustomStarRating" */;
			compatibilityVersion = "Xcode 9.3";
			developmentRegion = en;
			hasScannedForEncodings = 0;
			knownRegions = (
				en,
				Base,
			);
			mainGroup = 673C50AE23CD0B05002E0B32;
			productRefGroup = 673C50B823CD0B05002E0B32 /* Products */;
			projectDirPath = "";
			projectRoot = "";
			targets = (
				673C50B623CD0B05002E0B32 /* CustomStarRating */,
				673C50CC23CD0B08002E0B32 /* CustomStarRatingTests */,
				673C50D723CD0B08002E0B32 /* CustomStarRatingUITests */,
			);
		};
/* End PBXProject section */

/* Begin PBXResourcesBuildPhase section */
		673C50B523CD0B05002E0B32 /* Resources */ = {
			isa = PBXResourcesBuildPhase;
			buildActionMask = 2147483647;
			files = (
				673C50C723CD0B08002E0B32 /* LaunchScreen.storyboard in Resources */,
				673C50C423CD0B08002E0B32 /* Assets.xcassets in Resources */,
				673C50C223CD0B05002E0B32 /* Main.storyboard in Resources */,
			);
			runOnlyForDeploymentPostprocessing = 0;
		};
		673C50CB23CD0B08002E0B32 /* Resources */ = {
			isa = PBXResourcesBuildPhase;
			buildActionMask = 2147483647;
			files = (
			);
			runOnlyForDeploymentPostprocessing = 0;
		};
		673C50D623CD0B08002E0B32 /* Resources */ = {
			isa = PBXResourcesBuildPhase;
			buildActionMask = 2147483647;
			files = (
			);
			runOnlyForDeploymentPostprocessing = 0;
		};
/* End PBXResourcesBuildPhase section */

/* Begin PBXSourcesBuildPhase section */
		673C50B323CD0B05002E0B32 /* Sources */ = {
			isa = PBXSourcesBuildPhase;
			buildActionMask = 2147483647;
			files = (
				673C50BF23CD0B05002E0B32 /* ViewController.swift in Sources */,
				673C50BB23CD0B05002E0B32 /* AppDelegate.swift in Sources */,
				673C50BD23CD0B05002E0B32 /* SceneDelegate.swift in Sources */,
				673C50EB23CD0B1B002E0B32 /* StarReview.swift in Sources */,
			);
			runOnlyForDeploymentPostprocessing = 0;
		};
		673C50C923CD0B08002E0B32 /* Sources */ = {
			isa = PBXSourcesBuildPhase;
			buildActionMask = 2147483647;
			files = (
				673C50D223CD0B08002E0B32 /* CustomStarRatingTests.swift in Sources */,
			);
			runOnlyForDeploymentPostprocessing = 0;
		};
		673C50D423CD0B08002E0B32 /* Sources */ = {
			isa = PBXSourcesBuildPhase;
			buildActionMask = 2147483647;
			files = (
				673C50DD23CD0B08002E0B32 /* CustomStarRatingUITests.swift in Sources */,
			);
			runOnlyForDeploymentPostprocessing = 0;
		};
/* End PBXSourcesBuildPhase section */

/* Begin PBXTargetDependency section */
		673C50CF23CD0B08002E0B32 /* PBXTargetDependency */ = {
			isa = PBXTargetDependency;
			target = 673C50B623CD0B05002E0B32 /* CustomStarRating */;
			targetProxy = 673C50CE23CD0B08002E0B32 /* PBXContainerItemProxy */;
		};
		673C50DA23CD0B08002E0B32 /* PBXTargetDependency */ = {
			isa = PBXTargetDependency;
			target = 673C50B623CD0B05002E0B32 /* CustomStarRating */;
			targetProxy = 673C50D923CD0B08002E0B32 /* PBXContainerItemProxy */;
		};
/* End PBXTargetDependency section */

/* Begin PBXVariantGroup section */
		673C50C023CD0B05002E0B32 /* Main.storyboard */ = {
			isa = PBXVariantGroup;
			children = (
				673C50C123CD0B05002E0B32 /* Base */,
			);
			name = Main.storyboard;
			sourceTree = "<group>";
		};
		673C50C523CD0B08002E0B32 /* LaunchScreen.storyboard */ = {
			isa = PBXVariantGroup;
			children = (
				673C50C623CD0B08002E0B32 /* Base */,
			);
			name = LaunchScreen.storyboard;
			sourceTree = "<group>";
		};
/* End PBXVariantGroup section */

/* Begin XCBuildConfiguration section */
		673C50DF23CD0B08002E0B32 /* Debug */ = {
			isa = XCBuildConfiguration;
			buildSettings = {
				ALWAYS_SEARCH_USER_PATHS = NO;
				CLANG_ANALYZER_NONNULL = YES;
				CLANG_ANALYZER_NUMBER_OBJECT_CONVERSION = YES_AGGRESSIVE;
				CLANG_CXX_LANGUAGE_STANDARD = "gnu++14";
				CLANG_CXX_LIBRARY = "libc++";
				CLANG_ENABLE_MODULES = YES;
				CLANG_ENABLE_OBJC_ARC = YES;
				CLANG_ENABLE_OBJC_WEAK = YES;
				CLANG_WARN_BLOCK_CAPTURE_AUTORELEASING = YES;
				CLANG_WARN_BOOL_CONVERSION = YES;
				CLANG_WARN_COMMA = YES;
				CLANG_WARN_CONSTANT_CONVERSION = YES;
				CLANG_WARN_DEPRECATED_OBJC_IMPLEMENTATIONS = YES;
				CLANG_WARN_DIRECT_OBJC_ISA_USAGE = YES_ERROR;
				CLANG_WARN_DOCUMENTATION_COMMENTS = YES;
				CLANG_WARN_EMPTY_BODY = YES;
				CLANG_WARN_ENUM_CONVERSION = YES;
				CLANG_WARN_INFINITE_RECURSION = YES;
				CLANG_WARN_INT_CONVERSION = YES;
				CLANG_WARN_NON_LITERAL_NULL_CONVERSION = YES;
				CLANG_WARN_OBJC_IMPLICIT_RETAIN_SELF = YES;
				CLANG_WARN_OBJC_LITERAL_CONVERSION = YES;
				CLANG_WARN_OBJC_ROOT_CLASS = YES_ERROR;
				CLANG_WARN_RANGE_LOOP_ANALYSIS = YES;
				CLANG_WARN_STRICT_PROTOTYPES = YES;
				CLANG_WARN_SUSPICIOUS_MOVE = YES;
				CLANG_WARN_UNGUARDED_AVAILABILITY = YES_AGGRESSIVE;
				CLANG_WARN_UNREACHABLE_CODE = YES;
				CLANG_WARN__DUPLICATE_METHOD_MATCH = YES;
				COPY_PHASE_STRIP = NO;
				DEBUG_INFORMATION_FORMAT = dwarf;
				ENABLE_STRICT_OBJC_MSGSEND = YES;
				ENABLE_TESTABILITY = YES;
				GCC_C_LANGUAGE_STANDARD = gnu11;
				GCC_DYNAMIC_NO_PIC = NO;
				GCC_NO_COMMON_BLOCKS = YES;
				GCC_OPTIMIZATION_LEVEL = 0;
				GCC_PREPROCESSOR_DEFINITIONS = (
					"DEBUG=1",
					"$(inherited)",
				);
				GCC_WARN_64_TO_32_BIT_CONVERSION = YES;
				GCC_WARN_ABOUT_RETURN_TYPE = YES_ERROR;
				GCC_WARN_UNDECLARED_SELECTOR = YES;
				GCC_WARN_UNINITIALIZED_AUTOS = YES_AGGRESSIVE;
				GCC_WARN_UNUSED_FUNCTION = YES;
				GCC_WARN_UNUSED_VARIABLE = YES;
				IPHONEOS_DEPLOYMENT_TARGET = 13.2;
				MTL_ENABLE_DEBUG_INFO = INCLUDE_SOURCE;
				MTL_FAST_MATH = YES;
				ONLY_ACTIVE_ARCH = YES;
				SDKROOT = iphoneos;
				SWIFT_ACTIVE_COMPILATION_CONDITIONS = DEBUG;
				SWIFT_OPTIMIZATION_LEVEL = "-Onone";
			};
			name = Debug;
		};
		673C50E023CD0B08002E0B32 /* Release */ = {
			isa = XCBuildConfiguration;
			buildSettings = {
				ALWAYS_SEARCH_USER_PATHS = NO;
				CLANG_ANALYZER_NONNULL = YES;
				CLANG_ANALYZER_NUMBER_OBJECT_CONVERSION = YES_AGGRESSIVE;
				CLANG_CXX_LANGUAGE_STANDARD = "gnu++14";
				CLANG_CXX_LIBRARY = "libc++";
				CLANG_ENABLE_MODULES = YES;
				CLANG_ENABLE_OBJC_ARC = YES;
				CLANG_ENABLE_OBJC_WEAK = YES;
				CLANG_WARN_BLOCK_CAPTURE_AUTORELEASING = YES;
				CLANG_WARN_BOOL_CONVERSION = YES;
				CLANG_WARN_COMMA = YES;
				CLANG_WARN_CONSTANT_CONVERSION = YES;
				CLANG_WARN_DEPRECATED_OBJC_IMPLEMENTATIONS = YES;
				CLANG_WARN_DIRECT_OBJC_ISA_USAGE = YES_ERROR;
				CLANG_WARN_DOCUMENTATION_COMMENTS = YES;
				CLANG_WARN_EMPTY_BODY = YES;
				CLANG_WARN_ENUM_CONVERSION = YES;
				CLANG_WARN_INFINITE_RECURSION = YES;
				CLANG_WARN_INT_CONVERSION = YES;
				CLANG_WARN_NON_LITERAL_NULL_CONVERSION = YES;
				CLANG_WARN_OBJC_IMPLICIT_RETAIN_SELF = YES;
				CLANG_WARN_OBJC_LITERAL_CONVERSION = YES;
				CLANG_WARN_OBJC_ROOT_CLASS = YES_ERROR;
				CLANG_WARN_RANGE_LOOP_ANALYSIS = YES;
				CLANG_WARN_STRICT_PROTOTYPES = YES;
				CLANG_WARN_SUSPICIOUS_MOVE = YES;
				CLANG_WARN_UNGUARDED_AVAILABILITY = YES_AGGRESSIVE;
				CLANG_WARN_UNREACHABLE_CODE = YES;
				CLANG_WARN__DUPLICATE_METHOD_MATCH = YES;
				COPY_PHASE_STRIP = NO;
				DEBUG_INFORMATION_FORMAT = "dwarf-with-dsym";
				ENABLE_NS_ASSERTIONS = NO;
				ENABLE_STRICT_OBJC_MSGSEND = YES;
				GCC_C_LANGUAGE_STANDARD = gnu11;
				GCC_NO_COMMON_BLOCKS = YES;
				GCC_WARN_64_TO_32_BIT_CONVERSION = YES;
				GCC_WARN_ABOUT_RETURN_TYPE = YES_ERROR;
				GCC_WARN_UNDECLARED_SELECTOR = YES;
				GCC_WARN_UNINITIALIZED_AUTOS = YES_AGGRESSIVE;
				GCC_WARN_UNUSED_FUNCTION = YES;
				GCC_WARN_UNUSED_VARIABLE = YES;
				IPHONEOS_DEPLOYMENT_TARGET = 13.2;
				MTL_ENABLE_DEBUG_INFO = NO;
				MTL_FAST_MATH = YES;
				SDKROOT = iphoneos;
				SWIFT_COMPILATION_MODE = wholemodule;
				SWIFT_OPTIMIZATION_LEVEL = "-O";
				VALIDATE_PRODUCT = YES;
			};
			name = Release;
		};
		673C50E223CD0B08002E0B32 /* Debug */ = {
			isa = XCBuildConfiguration;
			buildSettings = {
				ASSETCATALOG_COMPILER_APPICON_NAME = AppIcon;
				CODE_SIGN_STYLE = Automatic;
				DEVELOPMENT_TEAM = VYD5K6JF68;
				INFOPLIST_FILE = CustomStarRating/Info.plist;
				LD_RUNPATH_SEARCH_PATHS = (
					"$(inherited)",
					"@executable_path/Frameworks",
				);
				PRODUCT_BUNDLE_IDENTIFIER = com.RollUp.CustomStarRating;
				PRODUCT_NAME = "$(TARGET_NAME)";
				SWIFT_VERSION = 5.0;
				TARGETED_DEVICE_FAMILY = "1,2";
			};
			name = Debug;
		};
		673C50E323CD0B08002E0B32 /* Release */ = {
			isa = XCBuildConfiguration;
			buildSettings = {
				ASSETCATALOG_COMPILER_APPICON_NAME = AppIcon;
				CODE_SIGN_STYLE = Automatic;
				DEVELOPMENT_TEAM = VYD5K6JF68;
				INFOPLIST_FILE = CustomStarRating/Info.plist;
				LD_RUNPATH_SEARCH_PATHS = (
					"$(inherited)",
					"@executable_path/Frameworks",
				);
				PRODUCT_BUNDLE_IDENTIFIER = com.RollUp.CustomStarRating;
				PRODUCT_NAME = "$(TARGET_NAME)";
				SWIFT_VERSION = 5.0;
				TARGETED_DEVICE_FAMILY = "1,2";
			};
			name = Release;
		};
		673C50E523CD0B08002E0B32 /* Debug */ = {
			isa = XCBuildConfiguration;
			buildSettings = {
				ALWAYS_EMBED_SWIFT_STANDARD_LIBRARIES = YES;
				BUNDLE_LOADER = "$(TEST_HOST)";
				CODE_SIGN_STYLE = Automatic;
				DEVELOPMENT_TEAM = VYD5K6JF68;
				INFOPLIST_FILE = CustomStarRatingTests/Info.plist;
				IPHONEOS_DEPLOYMENT_TARGET = 13.2;
				LD_RUNPATH_SEARCH_PATHS = (
					"$(inherited)",
					"@executable_path/Frameworks",
					"@loader_path/Frameworks",
				);
				PRODUCT_BUNDLE_IDENTIFIER = com.RollUp.CustomStarRatingTests;
				PRODUCT_NAME = "$(TARGET_NAME)";
				SWIFT_VERSION = 5.0;
				TARGETED_DEVICE_FAMILY = "1,2";
				TEST_HOST = "$(BUILT_PRODUCTS_DIR)/CustomStarRating.app/CustomStarRating";
			};
			name = Debug;
		};
		673C50E623CD0B08002E0B32 /* Release */ = {
			isa = XCBuildConfiguration;
			buildSettings = {
				ALWAYS_EMBED_SWIFT_STANDARD_LIBRARIES = YES;
				BUNDLE_LOADER = "$(TEST_HOST)";
				CODE_SIGN_STYLE = Automatic;
				DEVELOPMENT_TEAM = VYD5K6JF68;
				INFOPLIST_FILE = CustomStarRatingTests/Info.plist;
				IPHONEOS_DEPLOYMENT_TARGET = 13.2;
				LD_RUNPATH_SEARCH_PATHS = (
					"$(inherited)",
					"@executable_path/Frameworks",
					"@loader_path/Frameworks",
				);
				PRODUCT_BUNDLE_IDENTIFIER = com.RollUp.CustomStarRatingTests;
				PRODUCT_NAME = "$(TARGET_NAME)";
				SWIFT_VERSION = 5.0;
				TARGETED_DEVICE_FAMILY = "1,2";
				TEST_HOST = "$(BUILT_PRODUCTS_DIR)/CustomStarRating.app/CustomStarRating";
			};
			name = Release;
		};
		673C50E823CD0B08002E0B32 /* Debug */ = {
			isa = XCBuildConfiguration;
			buildSettings = {
				ALWAYS_EMBED_SWIFT_STANDARD_LIBRARIES = YES;
				CODE_SIGN_STYLE = Automatic;
				DEVELOPMENT_TEAM = VYD5K6JF68;
				INFOPLIST_FILE = CustomStarRatingUITests/Info.plist;
				LD_RUNPATH_SEARCH_PATHS = (
					"$(inherited)",
					"@executable_path/Frameworks",
					"@loader_path/Frameworks",
				);
				PRODUCT_BUNDLE_IDENTIFIER = com.RollUp.CustomStarRatingUITests;
				PRODUCT_NAME = "$(TARGET_NAME)";
				SWIFT_VERSION = 5.0;
				TARGETED_DEVICE_FAMILY = "1,2";
				TEST_TARGET_NAME = CustomStarRating;
			};
			name = Debug;
		};
		673C50E923CD0B08002E0B32 /* Release */ = {
			isa = XCBuildConfiguration;
			buildSettings = {
				ALWAYS_EMBED_SWIFT_STANDARD_LIBRARIES = YES;
				CODE_SIGN_STYLE = Automatic;
				DEVELOPMENT_TEAM = VYD5K6JF68;
				INFOPLIST_FILE = CustomStarRatingUITests/Info.plist;
				LD_RUNPATH_SEARCH_PATHS = (
					"$(inherited)",
					"@executable_path/Frameworks",
					"@loader_path/Frameworks",
				);
				PRODUCT_BUNDLE_IDENTIFIER = com.RollUp.CustomStarRatingUITests;
				PRODUCT_NAME = "$(TARGET_NAME)";
				SWIFT_VERSION = 5.0;
				TARGETED_DEVICE_FAMILY = "1,2";
				TEST_TARGET_NAME = CustomStarRating;
			};
			name = Release;
		};
/* End XCBuildConfiguration section */

/* Begin XCConfigurationList section */
		673C50B223CD0B05002E0B32 /* Build configuration list for PBXProject "CustomStarRating" */ = {
			isa = XCConfigurationList;
			buildConfigurations = (
				673C50DF23CD0B08002E0B32 /* Debug */,
				673C50E023CD0B08002E0B32 /* Release */,
			);
			defaultConfigurationIsVisible = 0;
			defaultConfigurationName = Release;
		};
		673C50E123CD0B08002E0B32 /* Build configuration list for PBXNativeTarget "CustomStarRating" */ = {
			isa = XCConfigurationList;
			buildConfigurations = (
				673C50E223CD0B08002E0B32 /* Debug */,
				673C50E323CD0B08002E0B32 /* Release */,
			);
			defaultConfigurationIsVisible = 0;
			defaultConfigurationName = Release;
		};
		673C50E423CD0B08002E0B32 /* Build configuration list for PBXNativeTarget "CustomStarRatingTests" */ = {
			isa = XCConfigurationList;
			buildConfigurations = (
				673C50E523CD0B08002E0B32 /* Debug */,
				673C50E623CD0B08002E0B32 /* Release */,
			);
			defaultConfigurationIsVisible = 0;
			defaultConfigurationName = Release;
		};
		673C50E723CD0B08002E0B32 /* Build configuration list for PBXNativeTarget "CustomStarRatingUITests" */ = {
			isa = XCConfigurationList;
			buildConfigurations = (
				673C50E823CD0B08002E0B32 /* Debug */,
				673C50E923CD0B08002E0B32 /* Release */,
			);
			defaultConfigurationIsVisible = 0;
			defaultConfigurationName = Release;
		};
/* End XCConfigurationList section */
	};
	rootObject = 673C50AF23CD0B05002E0B32 /* Project object */;
}
